
Microsoft Visual Studio Solution File, Format Version 12.00
# Visual Studio Version 16
VisualStudioVersion = 16.0.30711.63
MinimumVisualStudioVersion = 10.0.40219.1
Project("{FAE04EC0-301F-11D3-BF4B-00C04F79EFBC}") = "SingleIoc", "SingleIoc\SingleIoc.csproj", "{BB0B6995-4C13-472C-8636-AF4010337C3A}"
EndProject
Project("{FAE04EC0-301F-11D3-BF4B-00C04F79EFBC}") = "SingleIocDemo", "SingleIocDemo\SingleIocDemo.csproj", "{D4651AE0-B5F3-4410-A84E-74B507BA0746}"
EndProject
Global
	GlobalSection(SolutionConfigurationPlatforms) = preSolution
		Debug|Any CPU = Debug|Any CPU
		Release|Any CPU = Release|Any CPU
	EndGlobalSection
	GlobalSection(ProjectConfigurationPlatforms) = postSolution
		{BB0B6995-4C13-472C-8636-AF4010337C3A}.Debug|Any CPU.ActiveCfg = Debug|Any CPU
		{BB0B6995-4C13-472C-8636-AF4010337C3A}.Debug|Any CPU.Build.0 = Debug|Any CPU
		{BB0B6995-4C13-472C-8636-AF4010337C3A}.Release|Any CPU.ActiveCfg = Release|Any CPU
		{BB0B6995-4C13-472C-8636-AF4010337C3A}.Release|Any CPU.Build.0 = Release|Any CPU
		{D4651AE0-B5F3-4410-A84E-74B507BA0746}.Debug|Any CPU.ActiveCfg = Debug|Any CPU
		{D4651AE0-B5F3-4410-A84E-74B507BA0746}.Debug|Any CPU.Build.0 = Debug|Any CPU
		{D4651AE0-B5F3-4410-A84E-74B507BA0746}.Release|Any CPU.ActiveCfg = Release|Any CPU
		{D4651AE0-B5F3-4410-A84E-74B507BA0746}.Release|Any CPU.Build.0 = Release|Any CPU
	EndGlobalSection
	GlobalSection(SolutionProperties) = preSolution
		HideSolutionNode = FALSE
	EndGlobalSection
	GlobalSection(ExtensibilityGlobals) = postSolution
		SolutionGuid = {CB871BAF-AD1A-41C3-B938-1EDE45E5567D}
	EndGlobalSection
EndGlobal
